{
  "name": "Fit4Cybersecurity Stats",
  "version": "0.0.1",
  "lockfileVersion": 2,
  "requires": true,
  "packages": {
    "": {
      "name": "Fit4Cybersecurity Stats",
      "version": "0.0.1",
      "hasInstallScript": true,
      "license": "AGPL-3.0",
      "dependencies": {
        "chart.js": "^3.7.1",
        "chartjs-plugin-datalabels": "^2.0.0",
        "jquery": "^3.6.0"
      },
      "engines": {
        "node": "16.x",
        "npm": "8.3.0"
      }
    },
    "node_modules/chart.js": {
      "version": "3.7.1",
      "resolved": "https://registry.npmjs.org/chart.js/-/chart.js-3.7.1.tgz",
      "integrity": "sha512-8knRegQLFnPQAheZV8MjxIXc5gQEfDFD897BJgv/klO/vtIyFFmgMXrNfgrXpbTr/XbTturxRgxIXx/Y+ASJBA=="
    },
    "node_modules/chartjs-plugin-datalabels": {
      "version": "2.0.0",
      "resolved": "https://registry.npmjs.org/chartjs-plugin-datalabels/-/chartjs-plugin-datalabels-2.0.0.tgz",
      "integrity": "sha512-WBsWihphzM0Y8fmQVm89+iy99mmgejmj5/jcsYqwxSioLRL/zqJ4Scv/eXq5ZqvG3TpojlGzZLeaOaSvDm7fwA==",
      "peerDependencies": {
        "chart.js": "^3.0.0"
      }
    },
    "node_modules/jquery": {
      "version": "3.6.0",
      "resolved": "https://registry.npmjs.org/jquery/-/jquery-3.6.0.tgz",
      "integrity": "sha512-JVzAR/AjBvVt2BmYhxRCSYysDsPcssdmTFnzyLEts9qNwmjmu4JTAMYubEfwVOSwpQ1I1sKKFcxhZCI2buerfw=="
    }
  },
  "dependencies": {
    "chart.js": {
      "version": "3.7.1",
      "resolved": "https://registry.npmjs.org/chart.js/-/chart.js-3.7.1.tgz",
      "integrity": "sha512-8knRegQLFnPQAheZV8MjxIXc5gQEfDFD897BJgv/klO/vtIyFFmgMXrNfgrXpbTr/XbTturxRgxIXx/Y+ASJBA=="
    },
    "chartjs-plugin-datalabels": {
      "version": "2.0.0",
      "resolved": "https://registry.npmjs.org/chartjs-plugin-datalabels/-/chartjs-plugin-datalabels-2.0.0.tgz",
      "integrity": "sha512-WBsWihphzM0Y8fmQVm89+iy99mmgejmj5/jcsYqwxSioLRL/zqJ4Scv/eXq5ZqvG3TpojlGzZLeaOaSvDm7fwA==",
      "requires": {}
    },
    "jquery": {
      "version": "3.6.0",
      "resolved": "https://registry.npmjs.org/jquery/-/jquery-3.6.0.tgz",
      "integrity": "sha512-JVzAR/AjBvVt2BmYhxRCSYysDsPcssdmTFnzyLEts9qNwmjmu4JTAMYubEfwVOSwpQ1I1sKKFcxhZCI2buerfw=="
    }
  }
}
